
Microsoft Visual Studio Solution File, Format Version 12.00
# Visual Studio Version 16
VisualStudioVersion = 16.0.32929.386
MinimumVisualStudioVersion = 10.0.40219.1
Project("{FAE04EC0-301F-11D3-BF4B-00C04F79EFBC}") = "DevCard_MVC", "DevCard_MVC\DevCard_MVC.csproj", "{A8D05C82-3CCF-4927-ABCC-3A1754974686}"
EndProject
Global
	GlobalSection(SolutionConfigurationPlatforms) = preSolution
		Debug|Any CPU = Debug|Any CPU
		Release|Any CPU = Release|Any CPU
	EndGlobalSection
	GlobalSection(ProjectConfigurationPlatforms) = postSolution
		{A8D05C82-3CCF-4927-ABCC-3A1754974686}.Debug|Any CPU.ActiveCfg = Debug|Any CPU
		{A8D05C82-3CCF-4927-ABCC-3A1754974686}.Debug|Any CPU.Build.0 = Debug|Any CPU
		{A8D05C82-3CCF-4927-ABCC-3A1754974686}.Release|Any CPU.ActiveCfg = Release|Any CPU
		{A8D05C82-3CCF-4927-ABCC-3A1754974686}.Release|Any CPU.Build.0 = Release|Any CPU
	EndGlobalSection
	GlobalSection(SolutionProperties) = preSolution
		HideSolutionNode = FALSE
	EndGlobalSection
	GlobalSection(ExtensibilityGlobals) = postSolution
		SolutionGuid = {39A110C3-3C54-46B6-B5BE-E52455375557}
	EndGlobalSection
EndGlobal
